{
  "nodes": {
    "nixos-templates": {
      "locked": {
        "lastModified": 1725249436,
        "narHash": "sha256-qqKaxlPv+6Fyj+NUuOLPOlD82caqDkmpw63qOQkIzzc=",
        "owner": "NixOS",
        "repo": "templates",
        "rev": "ad0e221dda33c4b564fad976281130ce34a20cb9",
        "type": "github"
      },
      "original": {
        "owner": "NixOS",
        "repo": "templates",
        "type": "github"
      }
    },
    "nixpkgs": {
      "locked": {
        "lastModified": 1742069588,
        "narHash": "sha256-C7jVfohcGzdZRF6DO+ybyG/sqpo1h6bZi9T56sxLy+k=",
        "owner": "nixos",
        "repo": "nixpkgs",
        "rev": "c80f6a7e10b39afcc1894e02ef785b1ad0b0d7e5",
        "type": "github"
      },
      "original": {
        "owner": "nixos",
        "ref": "nixos-unstable",
        "repo": "nixpkgs",
        "type": "github"
      }
    },
    "root": {
      "inputs": {
        "nixos-templates": "nixos-templates",
        "nixpkgs": "nixpkgs"
      }
    }
  },
  "root": "root",
  "version": 7
}
