{
  "nodes": {
    "flake-utils": {
      "inputs": {
        "systems": "systems"
      },
      "locked": {
        "lastModified": 1731533236,
        "narHash": "sha256-l0KFg5HjrsfsO/JpG+r7fRrqm12kzFHyUHqHCVpMMbI=",
        "owner": "numtide",
        "repo": "flake-utils",
        "rev": "11707dc2f618dd54ca8739b309ec4fc024de578b",
        "type": "github"
      },
      "original": {
        "owner": "numtide",
        "repo": "flake-utils",
        "type": "github"
      }
    },
    "golems": {
      "inputs": {
        "grimoire": [],
        "nixpkgs": [
          "nixpkgs"
        ]
      },
      "locked": {
        "lastModified": 1,
        "narHash": "sha256-V9KuoRhzS3WH4U13dVICj+iuKOH7kqGUNkqZRfYFMDI=",
        "path": "./src/golems",
        "type": "path"
      },
      "original": {
        "path": "./src/golems",
        "type": "path"
      }
    },
    "grimoire-py": {
      "inputs": {
        "flake-utils": [
          "flake-utils"
        ],
        "grimoire-flake": [],
        "nixpkgs": [
          "nixpkgs"
        ]
      },
      "locked": {
        "lastModified": 1,
        "narHash": "sha256-9giWwVwPYBdLMXH55vYO6TmCvKV27U3wwCKobn5oS8A=",
        "path": "./src/interface/api",
        "type": "path"
      },
      "original": {
        "path": "./src/interface/api",
        "type": "path"
      }
    },
    "grimoire-templates": {
      "locked": {
        "lastModified": 1760555185,
        "narHash": "sha256-CzVkmrS789T6m59uGTC3Rl8MqR8Grug12ZOQ1kGgRX4=",
        "owner": "levzlotnik",
        "repo": "grimoire-templates",
        "rev": "091df3bfb599309ce133dfb6746098e6c5ed7a76",
        "type": "github"
      },
      "original": {
        "owner": "levzlotnik",
        "repo": "grimoire-templates",
        "type": "github"
      }
    },
    "nixpkgs": {
      "locked": {
        "lastModified": 1760878510,
        "narHash": "sha256-K5Osef2qexezUfs0alLvZ7nQFTGS9DL2oTVsIXsqLgs=",
        "owner": "nixos",
        "repo": "nixpkgs",
        "rev": "5e2a59a5b1a82f89f2c7e598302a9cacebb72a67",
        "type": "github"
      },
      "original": {
        "owner": "nixos",
        "ref": "nixos-unstable",
        "repo": "nixpkgs",
        "type": "github"
      }
    },
    "root": {
      "inputs": {
        "flake-utils": "flake-utils",
        "golems": "golems",
        "grimoire-py": "grimoire-py",
        "grimoire-templates": "grimoire-templates",
        "nixpkgs": "nixpkgs"
      }
    },
    "systems": {
      "locked": {
        "lastModified": 1681028828,
        "narHash": "sha256-Vy1rq5AaRuLzOxct8nz4T6wlgyUR7zLU309k9mBC768=",
        "owner": "nix-systems",
        "repo": "default",
        "rev": "da67096a3b9bf56a91d16901293e51ba5b49a27e",
        "type": "github"
      },
      "original": {
        "owner": "nix-systems",
        "repo": "default",
        "type": "github"
      }
    }
  },
  "root": "root",
  "version": 7
}
